
Microsoft Visual Studio Solution File, Format Version 12.00
# Visual Studio Version 17
VisualStudioVersion = 17.14.36310.24 d17.14
MinimumVisualStudioVersion = 10.0.40219.1
Project("{FAE04EC0-301F-11D3-BF4B-00C04F79EFBC}") = "LifeSimulator", "MoodLogger 2.0\LifeSimulator.csproj", "{060AFB0A-BF43-42EB-8DE2-7F4042002471}"
EndProject
Global
	GlobalSection(SolutionConfigurationPlatforms) = preSolution
		Debug|Any CPU = Debug|Any CPU
		Release|Any CPU = Release|Any CPU
	EndGlobalSection
	GlobalSection(ProjectConfigurationPlatforms) = postSolution
		{060AFB0A-BF43-42EB-8DE2-7F4042002471}.Debug|Any CPU.ActiveCfg = Debug|Any CPU
		{060AFB0A-BF43-42EB-8DE2-7F4042002471}.Debug|Any CPU.Build.0 = Debug|Any CPU
		{060AFB0A-BF43-42EB-8DE2-7F4042002471}.Release|Any CPU.ActiveCfg = Release|Any CPU
		{060AFB0A-BF43-42EB-8DE2-7F4042002471}.Release|Any CPU.Build.0 = Release|Any CPU
	EndGlobalSection
	GlobalSection(SolutionProperties) = preSolution
		HideSolutionNode = FALSE
	EndGlobalSection
	GlobalSection(ExtensibilityGlobals) = postSolution
		SolutionGuid = {0DEDE816-76D0-4C66-9346-853CF3605BEA}
	EndGlobalSection
EndGlobal
